{"1.1.0",
[{<<"locks">>,{pkg,<<"locks">>,<<"0.2.0">>},0},
 {<<"plain_fsm">>,{pkg,<<"plain_fsm">>,<<"1.4.1">>},1}]}.
[
{pkg_hash,[
 {<<"locks">>, <<"C8A5DB52BDBFACFCC979B38920ADB2AB8909FA7FB36015DDFF6B753D1C950B92">>},
 {<<"plain_fsm">>, <<"47E9BF6AC9322FC7586FB6DF8DE7198391E93764571C75165F2C45B27ACDE1D0">>}]}
].
